// !$*UTF8*$!
{
	archiveVersion = 1;
	classes = {
	};
	objectVersion = 56;
	objects = {

/* Begin PBXBuildFile section */
		E5C1C4AC2CDE313400EFF5A3 /* WindTurbine.swift in Sources */ = {isa = PBXBuildFile; fileRef = E5C1C4AB2CDE313400EFF5A3 /* WindTurbine.swift */; };
		E5C1C4AE2CDE32B300EFF5A3 /* WindTurbinesProvider.swift in Sources */ = {isa = PBXBuildFile; fileRef = E5C1C4AD2CDE32B300EFF5A3 /* WindTurbinesProvider.swift */; };
		E5C1C4B02CE247EC00EFF5A3 /* GpxCreator.swift in Sources */ = {isa = PBXBuildFile; fileRef = E5C1C4AF2CE247EC00EFF5A3 /* GpxCreator.swift */; };
		E5CA56292CD10D7C0010E035 /* GeoPlannerApp.swift in Sources */ = {isa = PBXBuildFile; fileRef = E5CA56282CD10D7C0010E035 /* GeoPlannerApp.swift */; };
		E5CA562B2CD10D7C0010E035 /* ContentView.swift in Sources */ = {isa = PBXBuildFile; fileRef = E5CA562A2CD10D7C0010E035 /* ContentView.swift */; };
		E5CA562D2CD10D7E0010E035 /* Assets.xcassets in Resources */ = {isa = PBXBuildFile; fileRef = E5CA562C2CD10D7E0010E035 /* Assets.xcassets */; };
		E5CA56302CD10D7E0010E035 /* Preview Assets.xcassets in Resources */ = {isa = PBXBuildFile; fileRef = E5CA562F2CD10D7E0010E035 /* Preview Assets.xcassets */; };
		E5E2B42C2CD7CBA5004609E7 /* FirebaseAuth in Frameworks */ = {isa = PBXBuildFile; productRef = E5E2B42B2CD7CBA5004609E7 /* FirebaseAuth */; };
		E5E2B42E2CD7CBA5004609E7 /* FirebaseCore in Frameworks */ = {isa = PBXBuildFile; productRef = E5E2B42D2CD7CBA5004609E7 /* FirebaseCore */; };
		E5E2B4302CD7CBA5004609E7 /* FirebaseFirestore in Frameworks */ = {isa = PBXBuildFile; productRef = E5E2B42F2CD7CBA5004609E7 /* FirebaseFirestore */; };
		E5E2B4322CD7CBA5004609E7 /* FirebaseStorage in Frameworks */ = {isa = PBXBuildFile; productRef = E5E2B4312CD7CBA5004609E7 /* FirebaseStorage */; };
		E5E2B4342CD7CD3A004609E7 /* GoogleService-Info.plist in Resources */ = {isa = PBXBuildFile; fileRef = E5E2B4332CD7CD3A004609E7 /* GoogleService-Info.plist */; };
		E5E2B4362CD7D453004609E7 /* FirestoreWrapper.swift in Sources */ = {isa = PBXBuildFile; fileRef = E5E2B4352CD7D453004609E7 /* FirestoreWrapper.swift */; };
		E5E2B4392CD7E7D2004609E7 /* Track.swift in Sources */ = {isa = PBXBuildFile; fileRef = E5E2B4382CD7E7D2004609E7 /* Track.swift */; };
		E5E2B43B2CD7E989004609E7 /* Point.swift in Sources */ = {isa = PBXBuildFile; fileRef = E5E2B43A2CD7E989004609E7 /* Point.swift */; };
/* End PBXBuildFile section */

/* Begin PBXFileReference section */
		E5C1C4AB2CDE313400EFF5A3 /* WindTurbine.swift */ = {isa = PBXFileReference; lastKnownFileType = sourcecode.swift; path = WindTurbine.swift; sourceTree = "<group>"; };
		E5C1C4AD2CDE32B300EFF5A3 /* WindTurbinesProvider.swift */ = {isa = PBXFileReference; lastKnownFileType = sourcecode.swift; path = WindTurbinesProvider.swift; sourceTree = "<group>"; };
		E5C1C4AF2CE247EC00EFF5A3 /* GpxCreator.swift */ = {isa = PBXFileReference; lastKnownFileType = sourcecode.swift; path = GpxCreator.swift; sourceTree = "<group>"; };
		E5CA56252CD10D7C0010E035 /* GeoPlanner.app */ = {isa = PBXFileReference; explicitFileType = wrapper.application; includeInIndex = 0; path = GeoPlanner.app; sourceTree = BUILT_PRODUCTS_DIR; };
		E5CA56282CD10D7C0010E035 /* GeoPlannerApp.swift */ = {isa = PBXFileReference; lastKnownFileType = sourcecode.swift; path = GeoPlannerApp.swift; sourceTree = "<group>"; };
		E5CA562A2CD10D7C0010E035 /* ContentView.swift */ = {isa = PBXFileReference; lastKnownFileType = sourcecode.swift; path = ContentView.swift; sourceTree = "<group>"; };
		E5CA562C2CD10D7E0010E035 /* Assets.xcassets */ = {isa = PBXFileReference; lastKnownFileType = folder.assetcatalog; path = Assets.xcassets; sourceTree = "<group>"; };
		E5CA562F2CD10D7E0010E035 /* Preview Assets.xcassets */ = {isa = PBXFileReference; lastKnownFileType = folder.assetcatalog; path = "Preview Assets.xcassets"; sourceTree = "<group>"; };
		E5CA56312CD10D7E0010E035 /* GeoPlanner.entitlements */ = {isa = PBXFileReference; lastKnownFileType = text.plist.entitlements; path = GeoPlanner.entitlements; sourceTree = "<group>"; };
		E5E2B4332CD7CD3A004609E7 /* GoogleService-Info.plist */ = {isa = PBXFileReference; fileEncoding = 4; lastKnownFileType = text.plist.xml; path = "GoogleService-Info.plist"; sourceTree = "<group>"; };
		E5E2B4352CD7D453004609E7 /* FirestoreWrapper.swift */ = {isa = PBXFileReference; lastKnownFileType = sourcecode.swift; path = FirestoreWrapper.swift; sourceTree = "<group>"; };
		E5E2B4382CD7E7D2004609E7 /* Track.swift */ = {isa = PBXFileReference; lastKnownFileType = sourcecode.swift; path = Track.swift; sourceTree = "<group>"; };
		E5E2B43A2CD7E989004609E7 /* Point.swift */ = {isa = PBXFileReference; lastKnownFileType = sourcecode.swift; path = Point.swift; sourceTree = "<group>"; };
/* End PBXFileReference section */

/* Begin PBXFrameworksBuildPhase section */
		E5CA56222CD10D7C0010E035 /* Frameworks */ = {
			isa = PBXFrameworksBuildPhase;
			buildActionMask = 2147483647;
			files = (
				E5E2B42E2CD7CBA5004609E7 /* FirebaseCore in Frameworks */,
				E5E2B4322CD7CBA5004609E7 /* FirebaseStorage in Frameworks */,
				E5E2B42C2CD7CBA5004609E7 /* FirebaseAuth in Frameworks */,
				E5E2B4302CD7CBA5004609E7 /* FirebaseFirestore in Frameworks */,
			);
			runOnlyForDeploymentPostprocessing = 0;
		};
/* End PBXFrameworksBuildPhase section */

/* Begin PBXGroup section */
		E5CA561C2CD10D7C0010E035 = {
			isa = PBXGroup;
			children = (
				E5CA56272CD10D7C0010E035 /* GeoPlanner */,
				E5CA56262CD10D7C0010E035 /* Products */,
			);
			sourceTree = "<group>";
		};
		E5CA56262CD10D7C0010E035 /* Products */ = {
			isa = PBXGroup;
			children = (
				E5CA56252CD10D7C0010E035 /* GeoPlanner.app */,
			);
			name = Products;
			sourceTree = "<group>";
		};
		E5CA56272CD10D7C0010E035 /* GeoPlanner */ = {
			isa = PBXGroup;
			children = (
				E5E2B4372CD7E785004609E7 /* model */,
				E5CA56282CD10D7C0010E035 /* GeoPlannerApp.swift */,
				E5CA562A2CD10D7C0010E035 /* ContentView.swift */,
				E5CA562C2CD10D7E0010E035 /* Assets.xcassets */,
				E5CA56312CD10D7E0010E035 /* GeoPlanner.entitlements */,
				E5E2B4332CD7CD3A004609E7 /* GoogleService-Info.plist */,
				E5CA562E2CD10D7E0010E035 /* Preview Content */,
				E5E2B4352CD7D453004609E7 /* FirestoreWrapper.swift */,
				E5C1C4AD2CDE32B300EFF5A3 /* WindTurbinesProvider.swift */,
				E5C1C4AF2CE247EC00EFF5A3 /* GpxCreator.swift */,
			);
			path = GeoPlanner;
			sourceTree = "<group>";
		};
		E5CA562E2CD10D7E0010E035 /* Preview Content */ = {
			isa = PBXGroup;
			children = (
				E5CA562F2CD10D7E0010E035 /* Preview Assets.xcassets */,
			);
			path = "Preview Content";
			sourceTree = "<group>";
		};
		E5E2B4372CD7E785004609E7 /* model */ = {
			isa = PBXGroup;
			children = (
				E5E2B4382CD7E7D2004609E7 /* Track.swift */,
				E5E2B43A2CD7E989004609E7 /* Point.swift */,
				E5C1C4AB2CDE313400EFF5A3 /* WindTurbine.swift */,
			);
			path = model;
			sourceTree = "<group>";
		};
/* End PBXGroup section */

/* Begin PBXNativeTarget section */
		E5CA56242CD10D7C0010E035 /* GeoPlanner */ = {
			isa = PBXNativeTarget;
			buildConfigurationList = E5CA56342CD10D7E0010E035 /* Build configuration list for PBXNativeTarget "GeoPlanner" */;
			buildPhases = (
				E5CA56212CD10D7C0010E035 /* Sources */,
				E5CA56222CD10D7C0010E035 /* Frameworks */,
				E5CA56232CD10D7C0010E035 /* Resources */,
			);
			buildRules = (
			);
			dependencies = (
			);
			name = GeoPlanner;
			packageProductDependencies = (
				E5E2B42B2CD7CBA5004609E7 /* FirebaseAuth */,
				E5E2B42D2CD7CBA5004609E7 /* FirebaseCore */,
				E5E2B42F2CD7CBA5004609E7 /* FirebaseFirestore */,
				E5E2B4312CD7CBA5004609E7 /* FirebaseStorage */,
			);
			productName = GeoPlanner;
			productReference = E5CA56252CD10D7C0010E035 /* GeoPlanner.app */;
			productType = "com.apple.product-type.application";
		};
/* End PBXNativeTarget section */

/* Begin PBXProject section */
		E5CA561D2CD10D7C0010E035 /* Project object */ = {
			isa = PBXProject;
			attributes = {
				BuildIndependentTargetsInParallel = 1;
				LastSwiftUpdateCheck = 1540;
				LastUpgradeCheck = 1540;
				TargetAttributes = {
					E5CA56242CD10D7C0010E035 = {
						CreatedOnToolsVersion = 15.4;
					};
				};
			};
			buildConfigurationList = E5CA56202CD10D7C0010E035 /* Build configuration list for PBXProject "GeoPlanner" */;
			compatibilityVersion = "Xcode 14.0";
			developmentRegion = en;
			hasScannedForEncodings = 0;
			knownRegions = (
				en,
				Base,
			);
			mainGroup = E5CA561C2CD10D7C0010E035;
			packageReferences = (
				E5E2B42A2CD7CBA5004609E7 /* XCRemoteSwiftPackageReference "firebase-ios-sdk" */,
			);
			productRefGroup = E5CA56262CD10D7C0010E035 /* Products */;
			projectDirPath = "";
			projectRoot = "";
			targets = (
				E5CA56242CD10D7C0010E035 /* GeoPlanner */,
			);
		};
/* End PBXProject section */

/* Begin PBXResourcesBuildPhase section */
		E5CA56232CD10D7C0010E035 /* Resources */ = {
			isa = PBXResourcesBuildPhase;
			buildActionMask = 2147483647;
			files = (
				E5CA56302CD10D7E0010E035 /* Preview Assets.xcassets in Resources */,
				E5CA562D2CD10D7E0010E035 /* Assets.xcassets in Resources */,
				E5E2B4342CD7CD3A004609E7 /* GoogleService-Info.plist in Resources */,
			);
			runOnlyForDeploymentPostprocessing = 0;
		};
/* End PBXResourcesBuildPhase section */

/* Begin PBXSourcesBuildPhase section */
		E5CA56212CD10D7C0010E035 /* Sources */ = {
			isa = PBXSourcesBuildPhase;
			buildActionMask = 2147483647;
			files = (
				E5CA562B2CD10D7C0010E035 /* ContentView.swift in Sources */,
				E5C1C4AE2CDE32B300EFF5A3 /* WindTurbinesProvider.swift in Sources */,
				E5C1C4B02CE247EC00EFF5A3 /* GpxCreator.swift in Sources */,
				E5C1C4AC2CDE313400EFF5A3 /* WindTurbine.swift in Sources */,
				E5E2B43B2CD7E989004609E7 /* Point.swift in Sources */,
				E5CA56292CD10D7C0010E035 /* GeoPlannerApp.swift in Sources */,
				E5E2B4362CD7D453004609E7 /* FirestoreWrapper.swift in Sources */,
				E5E2B4392CD7E7D2004609E7 /* Track.swift in Sources */,
			);
			runOnlyForDeploymentPostprocessing = 0;
		};
/* End PBXSourcesBuildPhase section */

/* Begin XCBuildConfiguration section */
		E5CA56322CD10D7E0010E035 /* Debug */ = {
			isa = XCBuildConfiguration;
			buildSettings = {
				ALWAYS_SEARCH_USER_PATHS = NO;
				ASSETCATALOG_COMPILER_GENERATE_SWIFT_ASSET_SYMBOL_EXTENSIONS = YES;
				CLANG_ANALYZER_NONNULL = YES;
				CLANG_ANALYZER_NUMBER_OBJECT_CONVERSION = YES_AGGRESSIVE;
				CLANG_CXX_LANGUAGE_STANDARD = "gnu++20";
				CLANG_ENABLE_MODULES = YES;
				CLANG_ENABLE_OBJC_ARC = YES;
				CLANG_ENABLE_OBJC_WEAK = YES;
				CLANG_WARN_BLOCK_CAPTURE_AUTORELEASING = YES;
				CLANG_WARN_BOOL_CONVERSION = YES;
				CLANG_WARN_COMMA = YES;
				CLANG_WARN_CONSTANT_CONVERSION = YES;
				CLANG_WARN_DEPRECATED_OBJC_IMPLEMENTATIONS = YES;
				CLANG_WARN_DIRECT_OBJC_ISA_USAGE = YES_ERROR;
				CLANG_WARN_DOCUMENTATION_COMMENTS = YES;
				CLANG_WARN_EMPTY_BODY = YES;
				CLANG_WARN_ENUM_CONVERSION = YES;
				CLANG_WARN_INFINITE_RECURSION = YES;
				CLANG_WARN_INT_CONVERSION = YES;
				CLANG_WARN_NON_LITERAL_NULL_CONVERSION = YES;
				CLANG_WARN_OBJC_IMPLICIT_RETAIN_SELF = YES;
				CLANG_WARN_OBJC_LITERAL_CONVERSION = YES;
				CLANG_WARN_OBJC_ROOT_CLASS = YES_ERROR;
				CLANG_WARN_QUOTED_INCLUDE_IN_FRAMEWORK_HEADER = YES;
				CLANG_WARN_RANGE_LOOP_ANALYSIS = YES;
				CLANG_WARN_STRICT_PROTOTYPES = YES;
				CLANG_WARN_SUSPICIOUS_MOVE = YES;
				CLANG_WARN_UNGUARDED_AVAILABILITY = YES_AGGRESSIVE;
				CLANG_WARN_UNREACHABLE_CODE = YES;
				CLANG_WARN__DUPLICATE_METHOD_MATCH = YES;
				COPY_PHASE_STRIP = NO;
				DEBUG_INFORMATION_FORMAT = dwarf;
				ENABLE_STRICT_OBJC_MSGSEND = YES;
				ENABLE_TESTABILITY = YES;
				ENABLE_USER_SCRIPT_SANDBOXING = YES;
				GCC_C_LANGUAGE_STANDARD = gnu17;
				GCC_DYNAMIC_NO_PIC = NO;
				GCC_NO_COMMON_BLOCKS = YES;
				GCC_OPTIMIZATION_LEVEL = 0;
				GCC_PREPROCESSOR_DEFINITIONS = (
					"DEBUG=1",
					"$(inherited)",
				);
				GCC_WARN_64_TO_32_BIT_CONVERSION = YES;
				GCC_WARN_ABOUT_RETURN_TYPE = YES_ERROR;
				GCC_WARN_UNDECLARED_SELECTOR = YES;
				GCC_WARN_UNINITIALIZED_AUTOS = YES_AGGRESSIVE;
				GCC_WARN_UNUSED_FUNCTION = YES;
				GCC_WARN_UNUSED_VARIABLE = YES;
				LOCALIZATION_PREFERS_STRING_CATALOGS = YES;
				MACOSX_DEPLOYMENT_TARGET = 14.5;
				MTL_ENABLE_DEBUG_INFO = INCLUDE_SOURCE;
				MTL_FAST_MATH = YES;
				ONLY_ACTIVE_ARCH = YES;
				SDKROOT = macosx;
				SWIFT_ACTIVE_COMPILATION_CONDITIONS = "DEBUG $(inherited)";
				SWIFT_OPTIMIZATION_LEVEL = "-Onone";
			};
			name = Debug;
		};
		E5CA56332CD10D7E0010E035 /* Release */ = {
			isa = XCBuildConfiguration;
			buildSettings = {
				ALWAYS_SEARCH_USER_PATHS = NO;
				ASSETCATALOG_COMPILER_GENERATE_SWIFT_ASSET_SYMBOL_EXTENSIONS = YES;
				CLANG_ANALYZER_NONNULL = YES;
				CLANG_ANALYZER_NUMBER_OBJECT_CONVERSION = YES_AGGRESSIVE;
				CLANG_CXX_LANGUAGE_STANDARD = "gnu++20";
				CLANG_ENABLE_MODULES = YES;
				CLANG_ENABLE_OBJC_ARC = YES;
				CLANG_ENABLE_OBJC_WEAK = YES;
				CLANG_WARN_BLOCK_CAPTURE_AUTORELEASING = YES;
				CLANG_WARN_BOOL_CONVERSION = YES;
				CLANG_WARN_COMMA = YES;
				CLANG_WARN_CONSTANT_CONVERSION = YES;
				CLANG_WARN_DEPRECATED_OBJC_IMPLEMENTATIONS = YES;
				CLANG_WARN_DIRECT_OBJC_ISA_USAGE = YES_ERROR;
				CLANG_WARN_DOCUMENTATION_COMMENTS = YES;
				CLANG_WARN_EMPTY_BODY = YES;
				CLANG_WARN_ENUM_CONVERSION = YES;
				CLANG_WARN_INFINITE_RECURSION = YES;
				CLANG_WARN_INT_CONVERSION = YES;
				CLANG_WARN_NON_LITERAL_NULL_CONVERSION = YES;
				CLANG_WARN_OBJC_IMPLICIT_RETAIN_SELF = YES;
				CLANG_WARN_OBJC_LITERAL_CONVERSION = YES;
				CLANG_WARN_OBJC_ROOT_CLASS = YES_ERROR;
				CLANG_WARN_QUOTED_INCLUDE_IN_FRAMEWORK_HEADER = YES;
				CLANG_WARN_RANGE_LOOP_ANALYSIS = YES;
				CLANG_WARN_STRICT_PROTOTYPES = YES;
				CLANG_WARN_SUSPICIOUS_MOVE = YES;
				CLANG_WARN_UNGUARDED_AVAILABILITY = YES_AGGRESSIVE;
				CLANG_WARN_UNREACHABLE_CODE = YES;
				CLANG_WARN__DUPLICATE_METHOD_MATCH = YES;
				COPY_PHASE_STRIP = NO;
				DEBUG_INFORMATION_FORMAT = "dwarf-with-dsym";
				ENABLE_NS_ASSERTIONS = NO;
				ENABLE_STRICT_OBJC_MSGSEND = YES;
				ENABLE_USER_SCRIPT_SANDBOXING = YES;
				GCC_C_LANGUAGE_STANDARD = gnu17;
				GCC_NO_COMMON_BLOCKS = YES;
				GCC_WARN_64_TO_32_BIT_CONVERSION = YES;
				GCC_WARN_ABOUT_RETURN_TYPE = YES_ERROR;
				GCC_WARN_UNDECLARED_SELECTOR = YES;
				GCC_WARN_UNINITIALIZED_AUTOS = YES_AGGRESSIVE;
				GCC_WARN_UNUSED_FUNCTION = YES;
				GCC_WARN_UNUSED_VARIABLE = YES;
				LOCALIZATION_PREFERS_STRING_CATALOGS = YES;
				MACOSX_DEPLOYMENT_TARGET = 14.5;
				MTL_ENABLE_DEBUG_INFO = NO;
				MTL_FAST_MATH = YES;
				SDKROOT = macosx;
				SWIFT_COMPILATION_MODE = wholemodule;
			};
			name = Release;
		};
		E5CA56352CD10D7E0010E035 /* Debug */ = {
			isa = XCBuildConfiguration;
			buildSettings = {
				ASSETCATALOG_COMPILER_APPICON_NAME = AppIcon;
				ASSETCATALOG_COMPILER_GLOBAL_ACCENT_COLOR_NAME = AccentColor;
				CODE_SIGN_ENTITLEMENTS = GeoPlanner/GeoPlanner.entitlements;
				CODE_SIGN_STYLE = Automatic;
				COMBINE_HIDPI_IMAGES = YES;
				CURRENT_PROJECT_VERSION = 1;
				DEVELOPMENT_ASSET_PATHS = "\"GeoPlanner/Preview Content\"";
				DEVELOPMENT_TEAM = SYG4MRH5NK;
				ENABLE_HARDENED_RUNTIME = YES;
				ENABLE_PREVIEWS = YES;
				GENERATE_INFOPLIST_FILE = YES;
				INFOPLIST_KEY_NSHumanReadableCopyright = "";
				LD_RUNPATH_SEARCH_PATHS = (
					"$(inherited)",
					"@executable_path/../Frameworks",
				);
				MARKETING_VERSION = 1.0;
				PRODUCT_BUNDLE_IDENTIFIER = com.darekbx.macos.GeoPlanner;
				PRODUCT_NAME = "$(TARGET_NAME)";
				SWIFT_EMIT_LOC_STRINGS = YES;
				SWIFT_VERSION = 5.0;
			};
			name = Debug;
		};
		E5CA56362CD10D7E0010E035 /* Release */ = {
			isa = XCBuildConfiguration;
			buildSettings = {
				ASSETCATALOG_COMPILER_APPICON_NAME = AppIcon;
				ASSETCATALOG_COMPILER_GLOBAL_ACCENT_COLOR_NAME = AccentColor;
				CODE_SIGN_ENTITLEMENTS = GeoPlanner/GeoPlanner.entitlements;
				CODE_SIGN_STYLE = Automatic;
				COMBINE_HIDPI_IMAGES = YES;
				CURRENT_PROJECT_VERSION = 1;
				DEVELOPMENT_ASSET_PATHS = "\"GeoPlanner/Preview Content\"";
				DEVELOPMENT_TEAM = SYG4MRH5NK;
				ENABLE_HARDENED_RUNTIME = YES;
				ENABLE_PREVIEWS = YES;
				GENERATE_INFOPLIST_FILE = YES;
				INFOPLIST_KEY_NSHumanReadableCopyright = "";
				LD_RUNPATH_SEARCH_PATHS = (
					"$(inherited)",
					"@executable_path/../Frameworks",
				);
				MARKETING_VERSION = 1.0;
				PRODUCT_BUNDLE_IDENTIFIER = com.darekbx.macos.GeoPlanner;
				PRODUCT_NAME = "$(TARGET_NAME)";
				SWIFT_EMIT_LOC_STRINGS = YES;
				SWIFT_VERSION = 5.0;
			};
			name = Release;
		};
/* End XCBuildConfiguration section */

/* Begin XCConfigurationList section */
		E5CA56202CD10D7C0010E035 /* Build configuration list for PBXProject "GeoPlanner" */ = {
			isa = XCConfigurationList;
			buildConfigurations = (
				E5CA56322CD10D7E0010E035 /* Debug */,
				E5CA56332CD10D7E0010E035 /* Release */,
			);
			defaultConfigurationIsVisible = 0;
			defaultConfigurationName = Release;
		};
		E5CA56342CD10D7E0010E035 /* Build configuration list for PBXNativeTarget "GeoPlanner" */ = {
			isa = XCConfigurationList;
			buildConfigurations = (
				E5CA56352CD10D7E0010E035 /* Debug */,
				E5CA56362CD10D7E0010E035 /* Release */,
			);
			defaultConfigurationIsVisible = 0;
			defaultConfigurationName = Release;
		};
/* End XCConfigurationList section */

/* Begin XCRemoteSwiftPackageReference section */
		E5E2B42A2CD7CBA5004609E7 /* XCRemoteSwiftPackageReference "firebase-ios-sdk" */ = {
			isa = XCRemoteSwiftPackageReference;
			repositoryURL = "https://github.com/firebase/firebase-ios-sdk.git";
			requirement = {
				kind = upToNextMajorVersion;
				minimumVersion = 11.4.0;
			};
		};
/* End XCRemoteSwiftPackageReference section */

/* Begin XCSwiftPackageProductDependency section */
		E5E2B42B2CD7CBA5004609E7 /* FirebaseAuth */ = {
			isa = XCSwiftPackageProductDependency;
			package = E5E2B42A2CD7CBA5004609E7 /* XCRemoteSwiftPackageReference "firebase-ios-sdk" */;
			productName = FirebaseAuth;
		};
		E5E2B42D2CD7CBA5004609E7 /* FirebaseCore */ = {
			isa = XCSwiftPackageProductDependency;
			package = E5E2B42A2CD7CBA5004609E7 /* XCRemoteSwiftPackageReference "firebase-ios-sdk" */;
			productName = FirebaseCore;
		};
		E5E2B42F2CD7CBA5004609E7 /* FirebaseFirestore */ = {
			isa = XCSwiftPackageProductDependency;
			package = E5E2B42A2CD7CBA5004609E7 /* XCRemoteSwiftPackageReference "firebase-ios-sdk" */;
			productName = FirebaseFirestore;
		};
		E5E2B4312CD7CBA5004609E7 /* FirebaseStorage */ = {
			isa = XCSwiftPackageProductDependency;
			package = E5E2B42A2CD7CBA5004609E7 /* XCRemoteSwiftPackageReference "firebase-ios-sdk" */;
			productName = FirebaseStorage;
		};
/* End XCSwiftPackageProductDependency section */
	};
	rootObject = E5CA561D2CD10D7C0010E035 /* Project object */;
}
